// !$*UTF8*$!
{
	archiveVersion = 1;
	classes = {
	};
	objectVersion = 48;
	objects = {

/* Begin PBXBuildFile section */
		4F1F1F032012264500A5311F /* AppDelegate.swift in Sources */ = {isa = PBXBuildFile; fileRef = 4F1F1F022012264500A5311F /* AppDelegate.swift */; };
		4F1F1F052012264500A5311F /* ViewController.swift in Sources */ = {isa = PBXBuildFile; fileRef = 4F1F1F042012264500A5311F /* ViewController.swift */; };
		4F1F1F082012264500A5311F /* Main.storyboard in Resources */ = {isa = PBXBuildFile; fileRef = 4F1F1F062012264500A5311F /* Main.storyboard */; };
		4F1F1F0A2012264500A5311F /* Assets.xcassets in Resources */ = {isa = PBXBuildFile; fileRef = 4F1F1F092012264500A5311F /* Assets.xcassets */; };
		4F1F1F0D2012264500A5311F /* LaunchScreen.storyboard in Resources */ = {isa = PBXBuildFile; fileRef = 4F1F1F0B2012264500A5311F /* LaunchScreen.storyboard */; };
		4F1F1F182012264500A5311F /* QuizTests.swift in Sources */ = {isa = PBXBuildFile; fileRef = 4F1F1F172012264500A5311F /* QuizTests.swift */; };
		4F4C0052201631B20090B6D8 /* Question.swift in Sources */ = {isa = PBXBuildFile; fileRef = 4F4C0051201631B20090B6D8 /* Question.swift */; };
		4F4C0054201632FB0090B6D8 /* AllQuestion.swift in Sources */ = {isa = PBXBuildFile; fileRef = 4F4C0053201632FB0090B6D8 /* AllQuestion.swift */; };
		4FD1204B2023BC00007EE202 /* SwiftNotice.swift in Sources */ = {isa = PBXBuildFile; fileRef = 4FD1204A2023BC00007EE202 /* SwiftNotice.swift */; };
/* End PBXBuildFile section */

/* Begin PBXContainerItemProxy section */
		4F1F1F142012264500A5311F /* PBXContainerItemProxy */ = {
			isa = PBXContainerItemProxy;
			containerPortal = 4F1F1EF72012264500A5311F /* Project object */;
			proxyType = 1;
			remoteGlobalIDString = 4F1F1EFE2012264500A5311F;
			remoteInfo = Quiz;
		};
/* End PBXContainerItemProxy section */

/* Begin PBXFileReference section */
		4F1F1EFF2012264500A5311F /* Quiz.app */ = {isa = PBXFileReference; explicitFileType = wrapper.application; includeInIndex = 0; path = Quiz.app; sourceTree = BUILT_PRODUCTS_DIR; };
		4F1F1F022012264500A5311F /* AppDelegate.swift */ = {isa = PBXFileReference; lastKnownFileType = sourcecode.swift; path = AppDelegate.swift; sourceTree = "<group>"; };
		4F1F1F042012264500A5311F /* ViewController.swift */ = {isa = PBXFileReference; lastKnownFileType = sourcecode.swift; path = ViewController.swift; sourceTree = "<group>"; };
		4F1F1F072012264500A5311F /* Base */ = {isa = PBXFileReference; lastKnownFileType = file.storyboard; name = Base; path = Base.lproj/Main.storyboard; sourceTree = "<group>"; };
		4F1F1F092012264500A5311F /* Assets.xcassets */ = {isa = PBXFileReference; lastKnownFileType = folder.assetcatalog; path = Assets.xcassets; sourceTree = "<group>"; };
		4F1F1F0C2012264500A5311F /* Base */ = {isa = PBXFileReference; lastKnownFileType = file.storyboard; name = Base; path = Base.lproj/LaunchScreen.storyboard; sourceTree = "<group>"; };
		4F1F1F0E2012264500A5311F /* Info.plist */ = {isa = PBXFileReference; lastKnownFileType = text.plist.xml; path = Info.plist; sourceTree = "<group>"; };
		4F1F1F132012264500A5311F /* QuizTests.xctest */ = {isa = PBXFileReference; explicitFileType = wrapper.cfbundle; includeInIndex = 0; path = QuizTests.xctest; sourceTree = BUILT_PRODUCTS_DIR; };
		4F1F1F172012264500A5311F /* QuizTests.swift */ = {isa = PBXFileReference; lastKnownFileType = sourcecode.swift; path = QuizTests.swift; sourceTree = "<group>"; };
		4F1F1F192012264500A5311F /* Info.plist */ = {isa = PBXFileReference; lastKnownFileType = text.plist.xml; path = Info.plist; sourceTree = "<group>"; };
		4F4C0051201631B20090B6D8 /* Question.swift */ = {isa = PBXFileReference; lastKnownFileType = sourcecode.swift; path = Question.swift; sourceTree = "<group>"; };
		4F4C0053201632FB0090B6D8 /* AllQuestion.swift */ = {isa = PBXFileReference; lastKnownFileType = sourcecode.swift; path = AllQuestion.swift; sourceTree = "<group>"; };
		4FD1204A2023BC00007EE202 /* SwiftNotice.swift */ = {isa = PBXFileReference; fileEncoding = 4; lastKnownFileType = sourcecode.swift; path = SwiftNotice.swift; sourceTree = "<group>"; };
/* End PBXFileReference section */

/* Begin PBXFrameworksBuildPhase section */
		4F1F1EFC2012264500A5311F /* Frameworks */ = {
			isa = PBXFrameworksBuildPhase;
			buildActionMask = 2147483647;
			files = (
			);
			runOnlyForDeploymentPostprocessing = 0;
		};
		4F1F1F102012264500A5311F /* Frameworks */ = {
			isa = PBXFrameworksBuildPhase;
			buildActionMask = 2147483647;
			files = (
			);
			runOnlyForDeploymentPostprocessing = 0;
		};
/* End PBXFrameworksBuildPhase section */

/* Begin PBXGroup section */
		4F1F1EF62012264500A5311F = {
			isa = PBXGroup;
			children = (
				4F4C0050201631890090B6D8 /* Model */,
				4F8AEC3B2016689300585F98 /* Controller */,
				4F8AEC3C201668B400585F98 /* View */,
				4F1F1F012012264500A5311F /* Quiz */,
				4F1F1F162012264500A5311F /* QuizTests */,
				4F1F1F002012264500A5311F /* Products */,
			);
			sourceTree = "<group>";
		};
		4F1F1F002012264500A5311F /* Products */ = {
			isa = PBXGroup;
			children = (
				4F1F1EFF2012264500A5311F /* Quiz.app */,
				4F1F1F132012264500A5311F /* QuizTests.xctest */,
			);
			name = Products;
			sourceTree = "<group>";
		};
		4F1F1F012012264500A5311F /* Quiz */ = {
			isa = PBXGroup;
			children = (
				4F1F1F0B2012264500A5311F /* LaunchScreen.storyboard */,
				4F1F1F0E2012264500A5311F /* Info.plist */,
				4FD1204A2023BC00007EE202 /* SwiftNotice.swift */,
			);
			path = Quiz;
			sourceTree = "<group>";
		};
		4F1F1F162012264500A5311F /* QuizTests */ = {
			isa = PBXGroup;
			children = (
				4F1F1F172012264500A5311F /* QuizTests.swift */,
				4F1F1F192012264500A5311F /* Info.plist */,
			);
			path = QuizTests;
			sourceTree = "<group>";
		};
		4F4C0050201631890090B6D8 /* Model */ = {
			isa = PBXGroup;
			children = (
				4F4C0051201631B20090B6D8 /* Question.swift */,
				4F4C0053201632FB0090B6D8 /* AllQuestion.swift */,
			);
			path = Model;
			sourceTree = "<group>";
		};
		4F8AEC3B2016689300585F98 /* Controller */ = {
			isa = PBXGroup;
			children = (
				4F1F1F022012264500A5311F /* AppDelegate.swift */,
				4F1F1F042012264500A5311F /* ViewController.swift */,
			);
			path = Controller;
			sourceTree = "<group>";
		};
		4F8AEC3C201668B400585F98 /* View */ = {
			isa = PBXGroup;
			children = (
				4F1F1F092012264500A5311F /* Assets.xcassets */,
				4F1F1F062012264500A5311F /* Main.storyboard */,
			);
			path = View;
			sourceTree = "<group>";
		};
/* End PBXGroup section */

/* Begin PBXNativeTarget section */
		4F1F1EFE2012264500A5311F /* Quiz */ = {
			isa = PBXNativeTarget;
			buildConfigurationList = 4F1F1F1C2012264500A5311F /* Build configuration list for PBXNativeTarget "Quiz" */;
			buildPhases = (
				4F1F1EFB2012264500A5311F /* Sources */,
				4F1F1EFC2012264500A5311F /* Frameworks */,
				4F1F1EFD2012264500A5311F /* Resources */,
			);
			buildRules = (
			);
			dependencies = (
			);
			name = Quiz;
			productName = Quiz;
			productReference = 4F1F1EFF2012264500A5311F /* Quiz.app */;
			productType = "com.apple.product-type.application";
		};
		4F1F1F122012264500A5311F /* QuizTests */ = {
			isa = PBXNativeTarget;
			buildConfigurationList = 4F1F1F1F2012264500A5311F /* Build configuration list for PBXNativeTarget "QuizTests" */;
			buildPhases = (
				4F1F1F0F2012264500A5311F /* Sources */,
				4F1F1F102012264500A5311F /* Frameworks */,
				4F1F1F112012264500A5311F /* Resources */,
			);
			buildRules = (
			);
			dependencies = (
				4F1F1F152012264500A5311F /* PBXTargetDependency */,
			);
			name = QuizTests;
			productName = QuizTests;
			productReference = 4F1F1F132012264500A5311F /* QuizTests.xctest */;
			productType = "com.apple.product-type.bundle.unit-test";
		};
/* End PBXNativeTarget section */

/* Begin PBXProject section */
		4F1F1EF72012264500A5311F /* Project object */ = {
			isa = PBXProject;
			attributes = {
				LastSwiftUpdateCheck = 0920;
				LastUpgradeCheck = 0920;
				ORGANIZATIONNAME = "Niklas Lindell";
				TargetAttributes = {
					4F1F1EFE2012264500A5311F = {
						CreatedOnToolsVersion = 9.2;
						ProvisioningStyle = Automatic;
					};
					4F1F1F122012264500A5311F = {
						CreatedOnToolsVersion = 9.2;
						ProvisioningStyle = Automatic;
						TestTargetID = 4F1F1EFE2012264500A5311F;
					};
				};
			};
			buildConfigurationList = 4F1F1EFA2012264500A5311F /* Build configuration list for PBXProject "Quiz" */;
			compatibilityVersion = "Xcode 8.0";
			developmentRegion = en;
			hasScannedForEncodings = 0;
			knownRegions = (
				en,
				Base,
			);
			mainGroup = 4F1F1EF62012264500A5311F;
			productRefGroup = 4F1F1F002012264500A5311F /* Products */;
			projectDirPath = "";
			projectRoot = "";
			targets = (
				4F1F1EFE2012264500A5311F /* Quiz */,
				4F1F1F122012264500A5311F /* QuizTests */,
			);
		};
/* End PBXProject section */

/* Begin PBXResourcesBuildPhase section */
		4F1F1EFD2012264500A5311F /* Resources */ = {
			isa = PBXResourcesBuildPhase;
			buildActionMask = 2147483647;
			files = (
				4F1F1F0D2012264500A5311F /* LaunchScreen.storyboard in Resources */,
				4F1F1F0A2012264500A5311F /* Assets.xcassets in Resources */,
				4F1F1F082012264500A5311F /* Main.storyboard in Resources */,
			);
			runOnlyForDeploymentPostprocessing = 0;
		};
		4F1F1F112012264500A5311F /* Resources */ = {
			isa = PBXResourcesBuildPhase;
			buildActionMask = 2147483647;
			files = (
			);
			runOnlyForDeploymentPostprocessing = 0;
		};
/* End PBXResourcesBuildPhase section */

/* Begin PBXSourcesBuildPhase section */
		4F1F1EFB2012264500A5311F /* Sources */ = {
			isa = PBXSourcesBuildPhase;
			buildActionMask = 2147483647;
			files = (
				4F4C0052201631B20090B6D8 /* Question.swift in Sources */,
				4F4C0054201632FB0090B6D8 /* AllQuestion.swift in Sources */,
				4F1F1F052012264500A5311F /* ViewController.swift in Sources */,
				4FD1204B2023BC00007EE202 /* SwiftNotice.swift in Sources */,
				4F1F1F032012264500A5311F /* AppDelegate.swift in Sources */,
			);
			runOnlyForDeploymentPostprocessing = 0;
		};
		4F1F1F0F2012264500A5311F /* Sources */ = {
			isa = PBXSourcesBuildPhase;
			buildActionMask = 2147483647;
			files = (
				4F1F1F182012264500A5311F /* QuizTests.swift in Sources */,
			);
			runOnlyForDeploymentPostprocessing = 0;
		};
/* End PBXSourcesBuildPhase section */

/* Begin PBXTargetDependency section */
		4F1F1F152012264500A5311F /* PBXTargetDependency */ = {
			isa = PBXTargetDependency;
			target = 4F1F1EFE2012264500A5311F /* Quiz */;
			targetProxy = 4F1F1F142012264500A5311F /* PBXContainerItemProxy */;
		};
/* End PBXTargetDependency section */

/* Begin PBXVariantGroup section */
		4F1F1F062012264500A5311F /* Main.storyboard */ = {
			isa = PBXVariantGroup;
			children = (
				4F1F1F072012264500A5311F /* Base */,
			);
			name = Main.storyboard;
			sourceTree = "<group>";
		};
		4F1F1F0B2012264500A5311F /* LaunchScreen.storyboard */ = {
			isa = PBXVariantGroup;
			children = (
				4F1F1F0C2012264500A5311F /* Base */,
			);
			name = LaunchScreen.storyboard;
			sourceTree = "<group>";
		};
/* End PBXVariantGroup section */

/* Begin XCBuildConfiguration section */
		4F1F1F1A2012264500A5311F /* Debug */ = {
			isa = XCBuildConfiguration;
			buildSettings = {
				ALWAYS_SEARCH_USER_PATHS = NO;
				CLANG_ANALYZER_NONNULL = YES;
				CLANG_ANALYZER_NUMBER_OBJECT_CONVERSION = YES_AGGRESSIVE;
				CLANG_CXX_LANGUAGE_STANDARD = "gnu++14";
				CLANG_CXX_LIBRARY = "libc++";
				CLANG_ENABLE_MODULES = YES;
				CLANG_ENABLE_OBJC_ARC = YES;
				CLANG_WARN_BLOCK_CAPTURE_AUTORELEASING = YES;
				CLANG_WARN_BOOL_CONVERSION = YES;
				CLANG_WARN_COMMA = YES;
				CLANG_WARN_CONSTANT_CONVERSION = YES;
				CLANG_WARN_DIRECT_OBJC_ISA_USAGE = YES_ERROR;
				CLANG_WARN_DOCUMENTATION_COMMENTS = YES;
				CLANG_WARN_EMPTY_BODY = YES;
				CLANG_WARN_ENUM_CONVERSION = YES;
				CLANG_WARN_INFINITE_RECURSION = YES;
				CLANG_WARN_INT_CONVERSION = YES;
				CLANG_WARN_NON_LITERAL_NULL_CONVERSION = YES;
				CLANG_WARN_OBJC_LITERAL_CONVERSION = YES;
				CLANG_WARN_OBJC_ROOT_CLASS = YES_ERROR;
				CLANG_WARN_RANGE_LOOP_ANALYSIS = YES;
				CLANG_WARN_STRICT_PROTOTYPES = YES;
				CLANG_WARN_SUSPICIOUS_MOVE = YES;
				CLANG_WARN_UNGUARDED_AVAILABILITY = YES_AGGRESSIVE;
				CLANG_WARN_UNREACHABLE_CODE = YES;
				CLANG_WARN__DUPLICATE_METHOD_MATCH = YES;
				CODE_SIGN_IDENTITY = "iPhone Developer";
				COPY_PHASE_STRIP = NO;
				DEBUG_INFORMATION_FORMAT = dwarf;
				ENABLE_STRICT_OBJC_MSGSEND = YES;
				ENABLE_TESTABILITY = YES;
				GCC_C_LANGUAGE_STANDARD = gnu11;
				GCC_DYNAMIC_NO_PIC = NO;
				GCC_NO_COMMON_BLOCKS = YES;
				GCC_OPTIMIZATION_LEVEL = 0;
				GCC_PREPROCESSOR_DEFINITIONS = (
					"DEBUG=1",
					"$(inherited)",
				);
				GCC_WARN_64_TO_32_BIT_CONVERSION = YES;
				GCC_WARN_ABOUT_RETURN_TYPE = YES_ERROR;
				GCC_WARN_UNDECLARED_SELECTOR = YES;
				GCC_WARN_UNINITIALIZED_AUTOS = YES_AGGRESSIVE;
				GCC_WARN_UNUSED_FUNCTION = YES;
				GCC_WARN_UNUSED_VARIABLE = YES;
				IPHONEOS_DEPLOYMENT_TARGET = 11.2;
				MTL_ENABLE_DEBUG_INFO = YES;
				ONLY_ACTIVE_ARCH = YES;
				SDKROOT = iphoneos;
				SWIFT_ACTIVE_COMPILATION_CONDITIONS = DEBUG;
				SWIFT_OPTIMIZATION_LEVEL = "-Onone";
			};
			name = Debug;
		};
		4F1F1F1B2012264500A5311F /* Release */ = {
			isa = XCBuildConfiguration;
			buildSettings = {
				ALWAYS_SEARCH_USER_PATHS = NO;
				CLANG_ANALYZER_NONNULL = YES;
				CLANG_ANALYZER_NUMBER_OBJECT_CONVERSION = YES_AGGRESSIVE;
				CLANG_CXX_LANGUAGE_STANDARD = "gnu++14";
				CLANG_CXX_LIBRARY = "libc++";
				CLANG_ENABLE_MODULES = YES;
				CLANG_ENABLE_OBJC_ARC = YES;
				CLANG_WARN_BLOCK_CAPTURE_AUTORELEASING = YES;
				CLANG_WARN_BOOL_CONVERSION = YES;
				CLANG_WARN_COMMA = YES;
				CLANG_WARN_CONSTANT_CONVERSION = YES;
				CLANG_WARN_DIRECT_OBJC_ISA_USAGE = YES_ERROR;
				CLANG_WARN_DOCUMENTATION_COMMENTS = YES;
				CLANG_WARN_EMPTY_BODY = YES;
				CLANG_WARN_ENUM_CONVERSION = YES;
				CLANG_WARN_INFINITE_RECURSION = YES;
				CLANG_WARN_INT_CONVERSION = YES;
				CLANG_WARN_NON_LITERAL_NULL_CONVERSION = YES;
				CLANG_WARN_OBJC_LITERAL_CONVERSION = YES;
				CLANG_WARN_OBJC_ROOT_CLASS = YES_ERROR;
				CLANG_WARN_RANGE_LOOP_ANALYSIS = YES;
				CLANG_WARN_STRICT_PROTOTYPES = YES;
				CLANG_WARN_SUSPICIOUS_MOVE = YES;
				CLANG_WARN_UNGUARDED_AVAILABILITY = YES_AGGRESSIVE;
				CLANG_WARN_UNREACHABLE_CODE = YES;
				CLANG_WARN__DUPLICATE_METHOD_MATCH = YES;
				CODE_SIGN_IDENTITY = "iPhone Developer";
				COPY_PHASE_STRIP = NO;
				DEBUG_INFORMATION_FORMAT = "dwarf-with-dsym";
				ENABLE_NS_ASSERTIONS = NO;
				ENABLE_STRICT_OBJC_MSGSEND = YES;
				GCC_C_LANGUAGE_STANDARD = gnu11;
				GCC_NO_COMMON_BLOCKS = YES;
				GCC_WARN_64_TO_32_BIT_CONVERSION = YES;
				GCC_WARN_ABOUT_RETURN_TYPE = YES_ERROR;
				GCC_WARN_UNDECLARED_SELECTOR = YES;
				GCC_WARN_UNINITIALIZED_AUTOS = YES_AGGRESSIVE;
				GCC_WARN_UNUSED_FUNCTION = YES;
				GCC_WARN_UNUSED_VARIABLE = YES;
				IPHONEOS_DEPLOYMENT_TARGET = 11.2;
				MTL_ENABLE_DEBUG_INFO = NO;
				SDKROOT = iphoneos;
				SWIFT_OPTIMIZATION_LEVEL = "-Owholemodule";
				VALIDATE_PRODUCT = YES;
			};
			name = Release;
		};
		4F1F1F1D2012264500A5311F /* Debug */ = {
			isa = XCBuildConfiguration;
			buildSettings = {
				ASSETCATALOG_COMPILER_APPICON_NAME = AppIcon;
				CODE_SIGN_STYLE = Automatic;
				INFOPLIST_FILE = Quiz/Info.plist;
				LD_RUNPATH_SEARCH_PATHS = "$(inherited) @executable_path/Frameworks";
				PRODUCT_BUNDLE_IDENTIFIER = com.niklaslindell.Quiz;
				PRODUCT_NAME = "$(TARGET_NAME)";
				SWIFT_VERSION = 4.0;
				TARGETED_DEVICE_FAMILY = "1,2";
			};
			name = Debug;
		};
		4F1F1F1E2012264500A5311F /* Release */ = {
			isa = XCBuildConfiguration;
			buildSettings = {
				ASSETCATALOG_COMPILER_APPICON_NAME = AppIcon;
				CODE_SIGN_STYLE = Automatic;
				INFOPLIST_FILE = Quiz/Info.plist;
				LD_RUNPATH_SEARCH_PATHS = "$(inherited) @executable_path/Frameworks";
				PRODUCT_BUNDLE_IDENTIFIER = com.niklaslindell.Quiz;
				PRODUCT_NAME = "$(TARGET_NAME)";
				SWIFT_VERSION = 4.0;
				TARGETED_DEVICE_FAMILY = "1,2";
			};
			name = Release;
		};
		4F1F1F202012264500A5311F /* Debug */ = {
			isa = XCBuildConfiguration;
			buildSettings = {
				ALWAYS_EMBED_SWIFT_STANDARD_LIBRARIES = YES;
				BUNDLE_LOADER = "$(TEST_HOST)";
				CODE_SIGN_STYLE = Automatic;
				INFOPLIST_FILE = QuizTests/Info.plist;
				LD_RUNPATH_SEARCH_PATHS = "$(inherited) @executable_path/Frameworks @loader_path/Frameworks";
				PRODUCT_BUNDLE_IDENTIFIER = com.niklaslindell.QuizTests;
				PRODUCT_NAME = "$(TARGET_NAME)";
				SWIFT_VERSION = 4.0;
				TARGETED_DEVICE_FAMILY = "1,2";
				TEST_HOST = "$(BUILT_PRODUCTS_DIR)/Quiz.app/Quiz";
			};
			name = Debug;
		};
		4F1F1F212012264500A5311F /* Release */ = {
			isa = XCBuildConfiguration;
			buildSettings = {
				ALWAYS_EMBED_SWIFT_STANDARD_LIBRARIES = YES;
				BUNDLE_LOADER = "$(TEST_HOST)";
				CODE_SIGN_STYLE = Automatic;
				INFOPLIST_FILE = QuizTests/Info.plist;
				LD_RUNPATH_SEARCH_PATHS = "$(inherited) @executable_path/Frameworks @loader_path/Frameworks";
				PRODUCT_BUNDLE_IDENTIFIER = com.niklaslindell.QuizTests;
				PRODUCT_NAME = "$(TARGET_NAME)";
				SWIFT_VERSION = 4.0;
				TARGETED_DEVICE_FAMILY = "1,2";
				TEST_HOST = "$(BUILT_PRODUCTS_DIR)/Quiz.app/Quiz";
			};
			name = Release;
		};
/* End XCBuildConfiguration section */

/* Begin XCConfigurationList section */
		4F1F1EFA2012264500A5311F /* Build configuration list for PBXProject "Quiz" */ = {
			isa = XCConfigurationList;
			buildConfigurations = (
				4F1F1F1A2012264500A5311F /* Debug */,
				4F1F1F1B2012264500A5311F /* Release */,
			);
			defaultConfigurationIsVisible = 0;
			defaultConfigurationName = Release;
		};
		4F1F1F1C2012264500A5311F /* Build configuration list for PBXNativeTarget "Quiz" */ = {
			isa = XCConfigurationList;
			buildConfigurations = (
				4F1F1F1D2012264500A5311F /* Debug */,
				4F1F1F1E2012264500A5311F /* Release */,
			);
			defaultConfigurationIsVisible = 0;
			defaultConfigurationName = Release;
		};
		4F1F1F1F2012264500A5311F /* Build configuration list for PBXNativeTarget "QuizTests" */ = {
			isa = XCConfigurationList;
			buildConfigurations = (
				4F1F1F202012264500A5311F /* Debug */,
				4F1F1F212012264500A5311F /* Release */,
			);
			defaultConfigurationIsVisible = 0;
			defaultConfigurationName = Release;
		};
/* End XCConfigurationList section */
	};
	rootObject = 4F1F1EF72012264500A5311F /* Project object */;
}
